// !$*UTF8*$!
{
	archiveVersion = 1;
	classes = {
	};
	objectVersion = 56;
	objects = {

/* Begin PBXBuildFile section */
		DF3BB1DF2A4717A60096E215 /* LearnByDoingApp.swift in Sources */ = {isa = PBXBuildFile; fileRef = DF3BB1DE2A4717A60096E215 /* LearnByDoingApp.swift */; };
		DF3BB1E12A4717A60096E215 /* ContentView.swift in Sources */ = {isa = PBXBuildFile; fileRef = DF3BB1E02A4717A60096E215 /* ContentView.swift */; };
		DF3BB1E32A4717A80096E215 /* Assets.xcassets in Resources */ = {isa = PBXBuildFile; fileRef = DF3BB1E22A4717A80096E215 /* Assets.xcassets */; };
		DF3BB1E62A4717A80096E215 /* Preview Assets.xcassets in Resources */ = {isa = PBXBuildFile; fileRef = DF3BB1E52A4717A80096E215 /* Preview Assets.xcassets */; };
		DF3BB1F62A47DDAC0096E215 /* CardView.swift in Sources */ = {isa = PBXBuildFile; fileRef = DF3BB1F52A47DDAC0096E215 /* CardView.swift */; };
		DF3BB1FA2A4925300096E215 /* CardModel.swift in Sources */ = {isa = PBXBuildFile; fileRef = DF3BB1F92A4925300096E215 /* CardModel.swift */; };
		DF3BB1FC2A4926880096E215 /* CardData.swift in Sources */ = {isa = PBXBuildFile; fileRef = DF3BB1FB2A4926880096E215 /* CardData.swift */; };
		DF3BB2022A4936700096E215 /* SoundPlayer.swift in Sources */ = {isa = PBXBuildFile; fileRef = DF3BB2012A4936700096E215 /* SoundPlayer.swift */; };
		DF3BB2042A4936E50096E215 /* sound-ding.mp3 in Resources */ = {isa = PBXBuildFile; fileRef = DF3BB2032A4936E50096E215 /* sound-ding.mp3 */; };
		DF3BB2062A49373B0096E215 /* sound-chime.mp3 in Resources */ = {isa = PBXBuildFile; fileRef = DF3BB2052A49373B0096E215 /* sound-chime.mp3 */; };
		DF3BB20C2A4A13B00096E215 /* Stickers.xcassets in Resources */ = {isa = PBXBuildFile; fileRef = DF3BB20B2A4A13B00096E215 /* Stickers.xcassets */; };
		DF3BB2102A4A13B00096E215 /* stickers.appex in Embed Foundation Extensions */ = {isa = PBXBuildFile; fileRef = DF3BB2092A4A13AE0096E215 /* stickers.appex */; settings = {ATTRIBUTES = (RemoveHeadersOnCopy, ); }; };
/* End PBXBuildFile section */

/* Begin PBXContainerItemProxy section */
		DF3BB20E2A4A13B00096E215 /* PBXContainerItemProxy */ = {
			isa = PBXContainerItemProxy;
			containerPortal = DF3BB1D32A4717A60096E215 /* Project object */;
			proxyType = 1;
			remoteGlobalIDString = DF3BB2082A4A13AE0096E215;
			remoteInfo = stickers;
		};
/* End PBXContainerItemProxy section */

/* Begin PBXCopyFilesBuildPhase section */
		DF3BB2142A4A13B00096E215 /* Embed Foundation Extensions */ = {
			isa = PBXCopyFilesBuildPhase;
			buildActionMask = 2147483647;
			dstPath = "";
			dstSubfolderSpec = 13;
			files = (
				DF3BB2102A4A13B00096E215 /* stickers.appex in Embed Foundation Extensions */,
			);
			name = "Embed Foundation Extensions";
			runOnlyForDeploymentPostprocessing = 0;
		};
/* End PBXCopyFilesBuildPhase section */

/* Begin PBXFileReference section */
		DF3BB1DB2A4717A60096E215 /* LearnByDoing.app */ = {isa = PBXFileReference; explicitFileType = wrapper.application; includeInIndex = 0; path = LearnByDoing.app; sourceTree = BUILT_PRODUCTS_DIR; };
		DF3BB1DE2A4717A60096E215 /* LearnByDoingApp.swift */ = {isa = PBXFileReference; lastKnownFileType = sourcecode.swift; path = LearnByDoingApp.swift; sourceTree = "<group>"; };
		DF3BB1E02A4717A60096E215 /* ContentView.swift */ = {isa = PBXFileReference; lastKnownFileType = sourcecode.swift; path = ContentView.swift; sourceTree = "<group>"; };
		DF3BB1E22A4717A80096E215 /* Assets.xcassets */ = {isa = PBXFileReference; lastKnownFileType = folder.assetcatalog; path = Assets.xcassets; sourceTree = "<group>"; };
		DF3BB1E52A4717A80096E215 /* Preview Assets.xcassets */ = {isa = PBXFileReference; lastKnownFileType = folder.assetcatalog; path = "Preview Assets.xcassets"; sourceTree = "<group>"; };
		DF3BB1F42A4721110096E215 /* Info.plist */ = {isa = PBXFileReference; lastKnownFileType = text.plist; path = Info.plist; sourceTree = "<group>"; };
		DF3BB1F52A47DDAC0096E215 /* CardView.swift */ = {isa = PBXFileReference; lastKnownFileType = sourcecode.swift; path = CardView.swift; sourceTree = "<group>"; };
		DF3BB1F92A4925300096E215 /* CardModel.swift */ = {isa = PBXFileReference; lastKnownFileType = sourcecode.swift; path = CardModel.swift; sourceTree = "<group>"; };
		DF3BB1FB2A4926880096E215 /* CardData.swift */ = {isa = PBXFileReference; lastKnownFileType = sourcecode.swift; path = CardData.swift; sourceTree = "<group>"; };
		DF3BB2012A4936700096E215 /* SoundPlayer.swift */ = {isa = PBXFileReference; fileEncoding = 4; lastKnownFileType = sourcecode.swift; path = SoundPlayer.swift; sourceTree = "<group>"; };
		DF3BB2032A4936E50096E215 /* sound-ding.mp3 */ = {isa = PBXFileReference; lastKnownFileType = audio.mp3; path = "sound-ding.mp3"; sourceTree = "<group>"; };
		DF3BB2052A49373B0096E215 /* sound-chime.mp3 */ = {isa = PBXFileReference; lastKnownFileType = audio.mp3; path = "sound-chime.mp3"; sourceTree = "<group>"; };
		DF3BB2092A4A13AE0096E215 /* stickers.appex */ = {isa = PBXFileReference; explicitFileType = "wrapper.app-extension"; includeInIndex = 0; path = stickers.appex; sourceTree = BUILT_PRODUCTS_DIR; };
		DF3BB20B2A4A13B00096E215 /* Stickers.xcassets */ = {isa = PBXFileReference; lastKnownFileType = folder.assetcatalog; path = Stickers.xcassets; sourceTree = "<group>"; };
		DF3BB20D2A4A13B00096E215 /* Info.plist */ = {isa = PBXFileReference; lastKnownFileType = text.plist.xml; path = Info.plist; sourceTree = "<group>"; };
/* End PBXFileReference section */

/* Begin PBXFrameworksBuildPhase section */
		DF3BB1D82A4717A60096E215 /* Frameworks */ = {
			isa = PBXFrameworksBuildPhase;
			buildActionMask = 2147483647;
			files = (
			);
			runOnlyForDeploymentPostprocessing = 0;
		};
/* End PBXFrameworksBuildPhase section */

/* Begin PBXGroup section */
		DF3BB1D22A4717A60096E215 = {
			isa = PBXGroup;
			children = (
				DF3BB1DD2A4717A60096E215 /* LearnByDoing */,
				DF3BB20A2A4A13AE0096E215 /* stickers */,
				DF3BB1DC2A4717A60096E215 /* Products */,
			);
			sourceTree = "<group>";
		};
		DF3BB1DC2A4717A60096E215 /* Products */ = {
			isa = PBXGroup;
			children = (
				DF3BB1DB2A4717A60096E215 /* LearnByDoing.app */,
				DF3BB2092A4A13AE0096E215 /* stickers.appex */,
			);
			name = Products;
			sourceTree = "<group>";
		};
		DF3BB1DD2A4717A60096E215 /* LearnByDoing */ = {
			isa = PBXGroup;
			children = (
				DF3BB2002A49365F0096E215 /* Sound */,
				DF3BB1F42A4721110096E215 /* Info.plist */,
				DF3BB2012A4936700096E215 /* SoundPlayer.swift */,
				DF3BB1DE2A4717A60096E215 /* LearnByDoingApp.swift */,
				DF3BB1E02A4717A60096E215 /* ContentView.swift */,
				DF3BB1F52A47DDAC0096E215 /* CardView.swift */,
				DF3BB1F92A4925300096E215 /* CardModel.swift */,
				DF3BB1FB2A4926880096E215 /* CardData.swift */,
				DF3BB1E22A4717A80096E215 /* Assets.xcassets */,
				DF3BB1E42A4717A80096E215 /* Preview Content */,
			);
			path = LearnByDoing;
			sourceTree = "<group>";
		};
		DF3BB1E42A4717A80096E215 /* Preview Content */ = {
			isa = PBXGroup;
			children = (
				DF3BB1E52A4717A80096E215 /* Preview Assets.xcassets */,
			);
			path = "Preview Content";
			sourceTree = "<group>";
		};
		DF3BB2002A49365F0096E215 /* Sound */ = {
			isa = PBXGroup;
			children = (
				DF3BB2052A49373B0096E215 /* sound-chime.mp3 */,
				DF3BB2032A4936E50096E215 /* sound-ding.mp3 */,
			);
			path = Sound;
			sourceTree = "<group>";
		};
		DF3BB20A2A4A13AE0096E215 /* stickers */ = {
			isa = PBXGroup;
			children = (
				DF3BB20B2A4A13B00096E215 /* Stickers.xcassets */,
				DF3BB20D2A4A13B00096E215 /* Info.plist */,
			);
			path = stickers;
			sourceTree = "<group>";
		};
/* End PBXGroup section */

/* Begin PBXNativeTarget section */
		DF3BB1DA2A4717A60096E215 /* LearnByDoing */ = {
			isa = PBXNativeTarget;
			buildConfigurationList = DF3BB1E92A4717A80096E215 /* Build configuration list for PBXNativeTarget "LearnByDoing" */;
			buildPhases = (
				DF3BB1D72A4717A60096E215 /* Sources */,
				DF3BB1D82A4717A60096E215 /* Frameworks */,
				DF3BB1D92A4717A60096E215 /* Resources */,
				DF3BB2142A4A13B00096E215 /* Embed Foundation Extensions */,
			);
			buildRules = (
			);
			dependencies = (
				DF3BB20F2A4A13B00096E215 /* PBXTargetDependency */,
			);
			name = LearnByDoing;
			productName = LearnByDoing;
			productReference = DF3BB1DB2A4717A60096E215 /* LearnByDoing.app */;
			productType = "com.apple.product-type.application";
		};
		DF3BB2082A4A13AE0096E215 /* stickers */ = {
			isa = PBXNativeTarget;
			buildConfigurationList = DF3BB2112A4A13B00096E215 /* Build configuration list for PBXNativeTarget "stickers" */;
			buildPhases = (
				DF3BB2072A4A13AE0096E215 /* Resources */,
			);
			buildRules = (
			);
			dependencies = (
			);
			name = stickers;
			productName = stickers;
			productReference = DF3BB2092A4A13AE0096E215 /* stickers.appex */;
			productType = "com.apple.product-type.app-extension.messages-sticker-pack";
		};
/* End PBXNativeTarget section */

/* Begin PBXProject section */
		DF3BB1D32A4717A60096E215 /* Project object */ = {
			isa = PBXProject;
			attributes = {
				BuildIndependentTargetsInParallel = 1;
				LastSwiftUpdateCheck = 1430;
				LastUpgradeCheck = 1430;
				TargetAttributes = {
					DF3BB1DA2A4717A60096E215 = {
						CreatedOnToolsVersion = 14.3.1;
					};
					DF3BB2082A4A13AE0096E215 = {
						CreatedOnToolsVersion = 14.3.1;
					};
				};
			};
			buildConfigurationList = DF3BB1D62A4717A60096E215 /* Build configuration list for PBXProject "LearnByDoing" */;
			compatibilityVersion = "Xcode 14.0";
			developmentRegion = en;
			hasScannedForEncodings = 0;
			knownRegions = (
				en,
				Base,
			);
			mainGroup = DF3BB1D22A4717A60096E215;
			productRefGroup = DF3BB1DC2A4717A60096E215 /* Products */;
			projectDirPath = "";
			projectRoot = "";
			targets = (
				DF3BB1DA2A4717A60096E215 /* LearnByDoing */,
				DF3BB2082A4A13AE0096E215 /* stickers */,
			);
		};
/* End PBXProject section */

/* Begin PBXResourcesBuildPhase section */
		DF3BB1D92A4717A60096E215 /* Resources */ = {
			isa = PBXResourcesBuildPhase;
			buildActionMask = 2147483647;
			files = (
				DF3BB1E62A4717A80096E215 /* Preview Assets.xcassets in Resources */,
				DF3BB2062A49373B0096E215 /* sound-chime.mp3 in Resources */,
				DF3BB1E32A4717A80096E215 /* Assets.xcassets in Resources */,
				DF3BB2042A4936E50096E215 /* sound-ding.mp3 in Resources */,
			);
			runOnlyForDeploymentPostprocessing = 0;
		};
		DF3BB2072A4A13AE0096E215 /* Resources */ = {
			isa = PBXResourcesBuildPhase;
			buildActionMask = 2147483647;
			files = (
				DF3BB20C2A4A13B00096E215 /* Stickers.xcassets in Resources */,
			);
			runOnlyForDeploymentPostprocessing = 0;
		};
/* End PBXResourcesBuildPhase section */

/* Begin PBXSourcesBuildPhase section */
		DF3BB1D72A4717A60096E215 /* Sources */ = {
			isa = PBXSourcesBuildPhase;
			buildActionMask = 2147483647;
			files = (
				DF3BB1FC2A4926880096E215 /* CardData.swift in Sources */,
				DF3BB1E12A4717A60096E215 /* ContentView.swift in Sources */,
				DF3BB1FA2A4925300096E215 /* CardModel.swift in Sources */,
				DF3BB1F62A47DDAC0096E215 /* CardView.swift in Sources */,
				DF3BB2022A4936700096E215 /* SoundPlayer.swift in Sources */,
				DF3BB1DF2A4717A60096E215 /* LearnByDoingApp.swift in Sources */,
			);
			runOnlyForDeploymentPostprocessing = 0;
		};
/* End PBXSourcesBuildPhase section */

/* Begin PBXTargetDependency section */
		DF3BB20F2A4A13B00096E215 /* PBXTargetDependency */ = {
			isa = PBXTargetDependency;
			target = DF3BB2082A4A13AE0096E215 /* stickers */;
			targetProxy = DF3BB20E2A4A13B00096E215 /* PBXContainerItemProxy */;
		};
/* End PBXTargetDependency section */

/* Begin XCBuildConfiguration section */
		DF3BB1E72A4717A80096E215 /* Debug */ = {
			isa = XCBuildConfiguration;
			buildSettings = {
				ALWAYS_SEARCH_USER_PATHS = NO;
				CLANG_ANALYZER_NONNULL = YES;
				CLANG_ANALYZER_NUMBER_OBJECT_CONVERSION = YES_AGGRESSIVE;
				CLANG_CXX_LANGUAGE_STANDARD = "gnu++20";
				CLANG_ENABLE_MODULES = YES;
				CLANG_ENABLE_OBJC_ARC = YES;
				CLANG_ENABLE_OBJC_WEAK = YES;
				CLANG_WARN_BLOCK_CAPTURE_AUTORELEASING = YES;
				CLANG_WARN_BOOL_CONVERSION = YES;
				CLANG_WARN_COMMA = YES;
				CLANG_WARN_CONSTANT_CONVERSION = YES;
				CLANG_WARN_DEPRECATED_OBJC_IMPLEMENTATIONS = YES;
				CLANG_WARN_DIRECT_OBJC_ISA_USAGE = YES_ERROR;
				CLANG_WARN_DOCUMENTATION_COMMENTS = YES;
				CLANG_WARN_EMPTY_BODY = YES;
				CLANG_WARN_ENUM_CONVERSION = YES;
				CLANG_WARN_INFINITE_RECURSION = YES;
				CLANG_WARN_INT_CONVERSION = YES;
				CLANG_WARN_NON_LITERAL_NULL_CONVERSION = YES;
				CLANG_WARN_OBJC_IMPLICIT_RETAIN_SELF = YES;
				CLANG_WARN_OBJC_LITERAL_CONVERSION = YES;
				CLANG_WARN_OBJC_ROOT_CLASS = YES_ERROR;
				CLANG_WARN_QUOTED_INCLUDE_IN_FRAMEWORK_HEADER = YES;
				CLANG_WARN_RANGE_LOOP_ANALYSIS = YES;
				CLANG_WARN_STRICT_PROTOTYPES = YES;
				CLANG_WARN_SUSPICIOUS_MOVE = YES;
				CLANG_WARN_UNGUARDED_AVAILABILITY = YES_AGGRESSIVE;
				CLANG_WARN_UNREACHABLE_CODE = YES;
				CLANG_WARN__DUPLICATE_METHOD_MATCH = YES;
				COPY_PHASE_STRIP = NO;
				DEBUG_INFORMATION_FORMAT = dwarf;
				ENABLE_STRICT_OBJC_MSGSEND = YES;
				ENABLE_TESTABILITY = YES;
				GCC_C_LANGUAGE_STANDARD = gnu11;
				GCC_DYNAMIC_NO_PIC = NO;
				GCC_NO_COMMON_BLOCKS = YES;
				GCC_OPTIMIZATION_LEVEL = 0;
				GCC_PREPROCESSOR_DEFINITIONS = (
					"DEBUG=1",
					"$(inherited)",
				);
				GCC_WARN_64_TO_32_BIT_CONVERSION = YES;
				GCC_WARN_ABOUT_RETURN_TYPE = YES_ERROR;
				GCC_WARN_UNDECLARED_SELECTOR = YES;
				GCC_WARN_UNINITIALIZED_AUTOS = YES_AGGRESSIVE;
				GCC_WARN_UNUSED_FUNCTION = YES;
				GCC_WARN_UNUSED_VARIABLE = YES;
				IPHONEOS_DEPLOYMENT_TARGET = 16.4;
				MTL_ENABLE_DEBUG_INFO = INCLUDE_SOURCE;
				MTL_FAST_MATH = YES;
				ONLY_ACTIVE_ARCH = YES;
				SDKROOT = iphoneos;
				SWIFT_ACTIVE_COMPILATION_CONDITIONS = DEBUG;
				SWIFT_OPTIMIZATION_LEVEL = "-Onone";
			};
			name = Debug;
		};
		DF3BB1E82A4717A80096E215 /* Release */ = {
			isa = XCBuildConfiguration;
			buildSettings = {
				ALWAYS_SEARCH_USER_PATHS = NO;
				CLANG_ANALYZER_NONNULL = YES;
				CLANG_ANALYZER_NUMBER_OBJECT_CONVERSION = YES_AGGRESSIVE;
				CLANG_CXX_LANGUAGE_STANDARD = "gnu++20";
				CLANG_ENABLE_MODULES = YES;
				CLANG_ENABLE_OBJC_ARC = YES;
				CLANG_ENABLE_OBJC_WEAK = YES;
				CLANG_WARN_BLOCK_CAPTURE_AUTORELEASING = YES;
				CLANG_WARN_BOOL_CONVERSION = YES;
				CLANG_WARN_COMMA = YES;
				CLANG_WARN_CONSTANT_CONVERSION = YES;
				CLANG_WARN_DEPRECATED_OBJC_IMPLEMENTATIONS = YES;
				CLANG_WARN_DIRECT_OBJC_ISA_USAGE = YES_ERROR;
				CLANG_WARN_DOCUMENTATION_COMMENTS = YES;
				CLANG_WARN_EMPTY_BODY = YES;
				CLANG_WARN_ENUM_CONVERSION = YES;
				CLANG_WARN_INFINITE_RECURSION = YES;
				CLANG_WARN_INT_CONVERSION = YES;
				CLANG_WARN_NON_LITERAL_NULL_CONVERSION = YES;
				CLANG_WARN_OBJC_IMPLICIT_RETAIN_SELF = YES;
				CLANG_WARN_OBJC_LITERAL_CONVERSION = YES;
				CLANG_WARN_OBJC_ROOT_CLASS = YES_ERROR;
				CLANG_WARN_QUOTED_INCLUDE_IN_FRAMEWORK_HEADER = YES;
				CLANG_WARN_RANGE_LOOP_ANALYSIS = YES;
				CLANG_WARN_STRICT_PROTOTYPES = YES;
				CLANG_WARN_SUSPICIOUS_MOVE = YES;
				CLANG_WARN_UNGUARDED_AVAILABILITY = YES_AGGRESSIVE;
				CLANG_WARN_UNREACHABLE_CODE = YES;
				CLANG_WARN__DUPLICATE_METHOD_MATCH = YES;
				COPY_PHASE_STRIP = NO;
				DEBUG_INFORMATION_FORMAT = "dwarf-with-dsym";
				ENABLE_NS_ASSERTIONS = NO;
				ENABLE_STRICT_OBJC_MSGSEND = YES;
				GCC_C_LANGUAGE_STANDARD = gnu11;
				GCC_NO_COMMON_BLOCKS = YES;
				GCC_WARN_64_TO_32_BIT_CONVERSION = YES;
				GCC_WARN_ABOUT_RETURN_TYPE = YES_ERROR;
				GCC_WARN_UNDECLARED_SELECTOR = YES;
				GCC_WARN_UNINITIALIZED_AUTOS = YES_AGGRESSIVE;
				GCC_WARN_UNUSED_FUNCTION = YES;
				GCC_WARN_UNUSED_VARIABLE = YES;
				IPHONEOS_DEPLOYMENT_TARGET = 16.4;
				MTL_ENABLE_DEBUG_INFO = NO;
				MTL_FAST_MATH = YES;
				SDKROOT = iphoneos;
				SWIFT_COMPILATION_MODE = wholemodule;
				SWIFT_OPTIMIZATION_LEVEL = "-O";
				VALIDATE_PRODUCT = YES;
			};
			name = Release;
		};
		DF3BB1EA2A4717A80096E215 /* Debug */ = {
			isa = XCBuildConfiguration;
			buildSettings = {
				ASSETCATALOG_COMPILER_APPICON_NAME = AppIcon;
				ASSETCATALOG_COMPILER_GLOBAL_ACCENT_COLOR_NAME = AccentColor;
				CODE_SIGN_STYLE = Automatic;
				CURRENT_PROJECT_VERSION = 1;
				DEVELOPMENT_ASSET_PATHS = "\"LearnByDoing/Preview Content\"";
				DEVELOPMENT_TEAM = CSDME8QJX3;
				ENABLE_PREVIEWS = YES;
				GENERATE_INFOPLIST_FILE = YES;
				INFOPLIST_FILE = LearnByDoing/Info.plist;
				INFOPLIST_KEY_UIApplicationSceneManifest_Generation = YES;
				INFOPLIST_KEY_UIApplicationSupportsIndirectInputEvents = YES;
				INFOPLIST_KEY_UISupportedInterfaceOrientations_iPad = "UIInterfaceOrientationPortrait UIInterfaceOrientationPortraitUpsideDown UIInterfaceOrientationLandscapeLeft UIInterfaceOrientationLandscapeRight";
				INFOPLIST_KEY_UISupportedInterfaceOrientations_iPhone = "UIInterfaceOrientationPortrait UIInterfaceOrientationLandscapeLeft UIInterfaceOrientationLandscapeRight";
				LD_RUNPATH_SEARCH_PATHS = (
					"$(inherited)",
					"@executable_path/Frameworks",
				);
				MARKETING_VERSION = 1.0;
				PRODUCT_BUNDLE_IDENTIFIER = com.rothermel1.LearnByDoing;
				PRODUCT_NAME = "$(TARGET_NAME)";
				SWIFT_EMIT_LOC_STRINGS = YES;
				SWIFT_VERSION = 5.0;
				TARGETED_DEVICE_FAMILY = "1,2";
			};
			name = Debug;
		};
		DF3BB1EB2A4717A80096E215 /* Release */ = {
			isa = XCBuildConfiguration;
			buildSettings = {
				ASSETCATALOG_COMPILER_APPICON_NAME = AppIcon;
				ASSETCATALOG_COMPILER_GLOBAL_ACCENT_COLOR_NAME = AccentColor;
				CODE_SIGN_STYLE = Automatic;
				CURRENT_PROJECT_VERSION = 1;
				DEVELOPMENT_ASSET_PATHS = "\"LearnByDoing/Preview Content\"";
				DEVELOPMENT_TEAM = CSDME8QJX3;
				ENABLE_PREVIEWS = YES;
				GENERATE_INFOPLIST_FILE = YES;
				INFOPLIST_FILE = LearnByDoing/Info.plist;
				INFOPLIST_KEY_UIApplicationSceneManifest_Generation = YES;
				INFOPLIST_KEY_UIApplicationSupportsIndirectInputEvents = YES;
				INFOPLIST_KEY_UISupportedInterfaceOrientations_iPad = "UIInterfaceOrientationPortrait UIInterfaceOrientationPortraitUpsideDown UIInterfaceOrientationLandscapeLeft UIInterfaceOrientationLandscapeRight";
				INFOPLIST_KEY_UISupportedInterfaceOrientations_iPhone = "UIInterfaceOrientationPortrait UIInterfaceOrientationLandscapeLeft UIInterfaceOrientationLandscapeRight";
				LD_RUNPATH_SEARCH_PATHS = (
					"$(inherited)",
					"@executable_path/Frameworks",
				);
				MARKETING_VERSION = 1.0;
				PRODUCT_BUNDLE_IDENTIFIER = com.rothermel1.LearnByDoing;
				PRODUCT_NAME = "$(TARGET_NAME)";
				SWIFT_EMIT_LOC_STRINGS = YES;
				SWIFT_VERSION = 5.0;
				TARGETED_DEVICE_FAMILY = "1,2";
			};
			name = Release;
		};
		DF3BB2122A4A13B00096E215 /* Debug */ = {
			isa = XCBuildConfiguration;
			buildSettings = {
				ASSETCATALOG_COMPILER_APPICON_NAME = "iMessage App Icon";
				CODE_SIGN_STYLE = Automatic;
				CURRENT_PROJECT_VERSION = 1;
				DEVELOPMENT_TEAM = CSDME8QJX3;
				GENERATE_INFOPLIST_FILE = YES;
				INFOPLIST_FILE = stickers/Info.plist;
				INFOPLIST_KEY_CFBundleDisplayName = LearnByDoing;
				MARKETING_VERSION = 1.0;
				PRODUCT_BUNDLE_IDENTIFIER = com.rothermel1.LearnByDoing.stickers;
				PRODUCT_NAME = "$(TARGET_NAME)";
				SKIP_INSTALL = YES;
				SWIFT_EMIT_LOC_STRINGS = YES;
				TARGETED_DEVICE_FAMILY = "1,2";
			};
			name = Debug;
		};
		DF3BB2132A4A13B00096E215 /* Release */ = {
			isa = XCBuildConfiguration;
			buildSettings = {
				ASSETCATALOG_COMPILER_APPICON_NAME = "iMessage App Icon";
				CODE_SIGN_STYLE = Automatic;
				CURRENT_PROJECT_VERSION = 1;
				DEVELOPMENT_TEAM = CSDME8QJX3;
				GENERATE_INFOPLIST_FILE = YES;
				INFOPLIST_FILE = stickers/Info.plist;
				INFOPLIST_KEY_CFBundleDisplayName = LearnByDoing;
				MARKETING_VERSION = 1.0;
				PRODUCT_BUNDLE_IDENTIFIER = com.rothermel1.LearnByDoing.stickers;
				PRODUCT_NAME = "$(TARGET_NAME)";
				SKIP_INSTALL = YES;
				SWIFT_EMIT_LOC_STRINGS = YES;
				TARGETED_DEVICE_FAMILY = "1,2";
			};
			name = Release;
		};
/* End XCBuildConfiguration section */

/* Begin XCConfigurationList section */
		DF3BB1D62A4717A60096E215 /* Build configuration list for PBXProject "LearnByDoing" */ = {
			isa = XCConfigurationList;
			buildConfigurations = (
				DF3BB1E72A4717A80096E215 /* Debug */,
				DF3BB1E82A4717A80096E215 /* Release */,
			);
			defaultConfigurationIsVisible = 0;
			defaultConfigurationName = Release;
		};
		DF3BB1E92A4717A80096E215 /* Build configuration list for PBXNativeTarget "LearnByDoing" */ = {
			isa = XCConfigurationList;
			buildConfigurations = (
				DF3BB1EA2A4717A80096E215 /* Debug */,
				DF3BB1EB2A4717A80096E215 /* Release */,
			);
			defaultConfigurationIsVisible = 0;
			defaultConfigurationName = Release;
		};
		DF3BB2112A4A13B00096E215 /* Build configuration list for PBXNativeTarget "stickers" */ = {
			isa = XCConfigurationList;
			buildConfigurations = (
				DF3BB2122A4A13B00096E215 /* Debug */,
				DF3BB2132A4A13B00096E215 /* Release */,
			);
			defaultConfigurationIsVisible = 0;
			defaultConfigurationName = Release;
		};
/* End XCConfigurationList section */
	};
	rootObject = DF3BB1D32A4717A60096E215 /* Project object */;
}
